
Microsoft Visual Studio Solution File, Format Version 12.00
# Visual Studio 14
VisualStudioVersion = 14.0.25420.1
MinimumVisualStudioVersion = 10.0.40219.1
Project("{FAE04EC0-301F-11D3-BF4B-00C04F79EFBC}") = "Prototipo.Droid", "Prototipo\Prototipo.Droid\Prototipo.Droid.csproj", "{80609D32-08FD-498A-8EFD-627B7A7A70B7}"
EndProject
Project("{FAE04EC0-301F-11D3-BF4B-00C04F79EFBC}") = "Prototipo.iOS", "Prototipo\Prototipo.iOS\Prototipo.iOS.csproj", "{12CE922D-BF70-4EB2-A1D1-1D3C3465EC71}"
EndProject
Project("{FAE04EC0-301F-11D3-BF4B-00C04F79EFBC}") = "Prototipo.WinPhone", "Prototipo\Prototipo.WinPhone\Prototipo.WinPhone.csproj", "{5582A92A-4835-4C9D-8FC0-989929B614DF}"
EndProject
Project("{FAE04EC0-301F-11D3-BF4B-00C04F79EFBC}") = "Prototipo.UWP", "Prototipo\Prototipo.UWP\Prototipo.UWP.csproj", "{C48A939F-5781-4A83-85A9-7BEB253479D8}"
EndProject
Project("{FAE04EC0-301F-11D3-BF4B-00C04F79EFBC}") = "Prototipo.Windows", "Prototipo\Prototipo.Windows\Prototipo.Windows.csproj", "{1BF15E64-1BD6-4A97-AE35-4C3E4489D900}"
EndProject
Project("{FAE04EC0-301F-11D3-BF4B-00C04F79EFBC}") = "Prototipo", "Prototipo\Prototipo\Prototipo.csproj", "{BFDF7CFE-AE6B-4B46-AB87-242C9C025575}"
EndProject
Global
	GlobalSection(SolutionConfigurationPlatforms) = preSolution
		Ad-Hoc|Any CPU = Ad-Hoc|Any CPU
		Ad-Hoc|ARM = Ad-Hoc|ARM
		Ad-Hoc|iPhone = Ad-Hoc|iPhone
		Ad-Hoc|iPhoneSimulator = Ad-Hoc|iPhoneSimulator
		Ad-Hoc|x64 = Ad-Hoc|x64
		Ad-Hoc|x86 = Ad-Hoc|x86
		AppStore|Any CPU = AppStore|Any CPU
		AppStore|ARM = AppStore|ARM
		AppStore|iPhone = AppStore|iPhone
		AppStore|iPhoneSimulator = AppStore|iPhoneSimulator
		AppStore|x64 = AppStore|x64
		AppStore|x86 = AppStore|x86
		Debug|Any CPU = Debug|Any CPU
		Debug|ARM = Debug|ARM
		Debug|iPhone = Debug|iPhone
		Debug|iPhoneSimulator = Debug|iPhoneSimulator
		Debug|x64 = Debug|x64
		Debug|x86 = Debug|x86
		Release|Any CPU = Release|Any CPU
		Release|ARM = Release|ARM
		Release|iPhone = Release|iPhone
		Release|iPhoneSimulator = Release|iPhoneSimulator
		Release|x64 = Release|x64
		Release|x86 = Release|x86
	EndGlobalSection
	GlobalSection(ProjectConfigurationPlatforms) = postSolution
		{80609D32-08FD-498A-8EFD-627B7A7A70B7}.Ad-Hoc|Any CPU.ActiveCfg = Release|Any CPU
		{80609D32-08FD-498A-8EFD-627B7A7A70B7}.Ad-Hoc|Any CPU.Build.0 = Release|Any CPU
		{80609D32-08FD-498A-8EFD-627B7A7A70B7}.Ad-Hoc|Any CPU.Deploy.0 = Release|Any CPU
		{80609D32-08FD-498A-8EFD-627B7A7A70B7}.Ad-Hoc|ARM.ActiveCfg = Release|Any CPU
		{80609D32-08FD-498A-8EFD-627B7A7A70B7}.Ad-Hoc|ARM.Build.0 = Release|Any CPU
		{80609D32-08FD-498A-8EFD-627B7A7A70B7}.Ad-Hoc|ARM.Deploy.0 = Release|Any CPU
		{80609D32-08FD-498A-8EFD-627B7A7A70B7}.Ad-Hoc|iPhone.ActiveCfg = Release|Any CPU
		{80609D32-08FD-498A-8EFD-627B7A7A70B7}.Ad-Hoc|iPhone.Build.0 = Release|Any CPU
		{80609D32-08FD-498A-8EFD-627B7A7A70B7}.Ad-Hoc|iPhone.Deploy.0 = Release|Any CPU
		{80609D32-08FD-498A-8EFD-627B7A7A70B7}.Ad-Hoc|iPhoneSimulator.ActiveCfg = Release|Any CPU
		{80609D32-08FD-498A-8EFD-627B7A7A70B7}.Ad-Hoc|iPhoneSimulator.Build.0 = Release|Any CPU
		{80609D32-08FD-498A-8EFD-627B7A7A70B7}.Ad-Hoc|iPhoneSimulator.Deploy.0 = Release|Any CPU
		{80609D32-08FD-498A-8EFD-627B7A7A70B7}.Ad-Hoc|x64.ActiveCfg = Release|Any CPU
		{80609D32-08FD-498A-8EFD-627B7A7A70B7}.Ad-Hoc|x64.Build.0 = Release|Any CPU
		{80609D32-08FD-498A-8EFD-627B7A7A70B7}.Ad-Hoc|x64.Deploy.0 = Release|Any CPU
		{80609D32-08FD-498A-8EFD-627B7A7A70B7}.Ad-Hoc|x86.ActiveCfg = Release|Any CPU
		{80609D32-08FD-498A-8EFD-627B7A7A70B7}.Ad-Hoc|x86.Build.0 = Release|Any CPU
		{80609D32-08FD-498A-8EFD-627B7A7A70B7}.Ad-Hoc|x86.Deploy.0 = Release|Any CPU
		{80609D32-08FD-498A-8EFD-627B7A7A70B7}.AppStore|Any CPU.ActiveCfg = Release|Any CPU
		{80609D32-08FD-498A-8EFD-627B7A7A70B7}.AppStore|Any CPU.Build.0 = Release|Any CPU
		{80609D32-08FD-498A-8EFD-627B7A7A70B7}.AppStore|Any CPU.Deploy.0 = Release|Any CPU
		{80609D32-08FD-498A-8EFD-627B7A7A70B7}.AppStore|ARM.ActiveCfg = Release|Any CPU
		{80609D32-08FD-498A-8EFD-627B7A7A70B7}.AppStore|ARM.Build.0 = Release|Any CPU
		{80609D32-08FD-498A-8EFD-627B7A7A70B7}.AppStore|ARM.Deploy.0 = Release|Any CPU
		{80609D32-08FD-498A-8EFD-627B7A7A70B7}.AppStore|iPhone.ActiveCfg = Release|Any CPU
		{80609D32-08FD-498A-8EFD-627B7A7A70B7}.AppStore|iPhone.Build.0 = Release|Any CPU
		{80609D32-08FD-498A-8EFD-627B7A7A70B7}.AppStore|iPhone.Deploy.0 = Release|Any CPU
		{80609D32-08FD-498A-8EFD-627B7A7A70B7}.AppStore|iPhoneSimulator.ActiveCfg = Release|Any CPU
		{80609D32-08FD-498A-8EFD-627B7A7A70B7}.AppStore|iPhoneSimulator.Build.0 = Release|Any CPU
		{80609D32-08FD-498A-8EFD-627B7A7A70B7}.AppStore|iPhoneSimulator.Deploy.0 = Release|Any CPU
		{80609D32-08FD-498A-8EFD-627B7A7A70B7}.AppStore|x64.ActiveCfg = Release|Any CPU
		{80609D32-08FD-498A-8EFD-627B7A7A70B7}.AppStore|x64.Build.0 = Release|Any CPU
		{80609D32-08FD-498A-8EFD-627B7A7A70B7}.AppStore|x64.Deploy.0 = Release|Any CPU
		{80609D32-08FD-498A-8EFD-627B7A7A70B7}.AppStore|x86.ActiveCfg = Release|Any CPU
		{80609D32-08FD-498A-8EFD-627B7A7A70B7}.AppStore|x86.Build.0 = Release|Any CPU
		{80609D32-08FD-498A-8EFD-627B7A7A70B7}.AppStore|x86.Deploy.0 = Release|Any CPU
		{80609D32-08FD-498A-8EFD-627B7A7A70B7}.Debug|Any CPU.ActiveCfg = Debug|Any CPU
		{80609D32-08FD-498A-8EFD-627B7A7A70B7}.Debug|Any CPU.Build.0 = Debug|Any CPU
		{80609D32-08FD-498A-8EFD-627B7A7A70B7}.Debug|Any CPU.Deploy.0 = Debug|Any CPU
		{80609D32-08FD-498A-8EFD-627B7A7A70B7}.Debug|ARM.ActiveCfg = Debug|Any CPU
		{80609D32-08FD-498A-8EFD-627B7A7A70B7}.Debug|ARM.Build.0 = Debug|Any CPU
		{80609D32-08FD-498A-8EFD-627B7A7A70B7}.Debug|ARM.Deploy.0 = Debug|Any CPU
		{80609D32-08FD-498A-8EFD-627B7A7A70B7}.Debug|iPhone.ActiveCfg = Debug|Any CPU
		{80609D32-08FD-498A-8EFD-627B7A7A70B7}.Debug|iPhone.Build.0 = Debug|Any CPU
		{80609D32-08FD-498A-8EFD-627B7A7A70B7}.Debug|iPhone.Deploy.0 = Debug|Any CPU
		{80609D32-08FD-498A-8EFD-627B7A7A70B7}.Debug|iPhoneSimulator.ActiveCfg = Debug|Any CPU
		{80609D32-08FD-498A-8EFD-627B7A7A70B7}.Debug|iPhoneSimulator.Build.0 = Debug|Any CPU
		{80609D32-08FD-498A-8EFD-627B7A7A70B7}.Debug|iPhoneSimulator.Deploy.0 = Debug|Any CPU
		{80609D32-08FD-498A-8EFD-627B7A7A70B7}.Debug|x64.ActiveCfg = Debug|Any CPU
		{80609D32-08FD-498A-8EFD-627B7A7A70B7}.Debug|x64.Build.0 = Debug|Any CPU
		{80609D32-08FD-498A-8EFD-627B7A7A70B7}.Debug|x64.Deploy.0 = Debug|Any CPU
		{80609D32-08FD-498A-8EFD-627B7A7A70B7}.Debug|x86.ActiveCfg = Debug|Any CPU
		{80609D32-08FD-498A-8EFD-627B7A7A70B7}.Debug|x86.Build.0 = Debug|Any CPU
		{80609D32-08FD-498A-8EFD-627B7A7A70B7}.Debug|x86.Deploy.0 = Debug|Any CPU
		{80609D32-08FD-498A-8EFD-627B7A7A70B7}.Release|Any CPU.ActiveCfg = Release|Any CPU
		{80609D32-08FD-498A-8EFD-627B7A7A70B7}.Release|Any CPU.Build.0 = Release|Any CPU
		{80609D32-08FD-498A-8EFD-627B7A7A70B7}.Release|Any CPU.Deploy.0 = Release|Any CPU
		{80609D32-08FD-498A-8EFD-627B7A7A70B7}.Release|ARM.ActiveCfg = Release|Any CPU
		{80609D32-08FD-498A-8EFD-627B7A7A70B7}.Release|ARM.Build.0 = Release|Any CPU
		{80609D32-08FD-498A-8EFD-627B7A7A70B7}.Release|ARM.Deploy.0 = Release|Any CPU
		{80609D32-08FD-498A-8EFD-627B7A7A70B7}.Release|iPhone.ActiveCfg = Release|Any CPU
		{80609D32-08FD-498A-8EFD-627B7A7A70B7}.Release|iPhone.Build.0 = Release|Any CPU
		{80609D32-08FD-498A-8EFD-627B7A7A70B7}.Release|iPhone.Deploy.0 = Release|Any CPU
		{80609D32-08FD-498A-8EFD-627B7A7A70B7}.Release|iPhoneSimulator.ActiveCfg = Release|Any CPU
		{80609D32-08FD-498A-8EFD-627B7A7A70B7}.Release|iPhoneSimulator.Build.0 = Release|Any CPU
		{80609D32-08FD-498A-8EFD-627B7A7A70B7}.Release|iPhoneSimulator.Deploy.0 = Release|Any CPU
		{80609D32-08FD-498A-8EFD-627B7A7A70B7}.Release|x64.ActiveCfg = Release|Any CPU
		{80609D32-08FD-498A-8EFD-627B7A7A70B7}.Release|x64.Build.0 = Release|Any CPU
		{80609D32-08FD-498A-8EFD-627B7A7A70B7}.Release|x64.Deploy.0 = Release|Any CPU
		{80609D32-08FD-498A-8EFD-627B7A7A70B7}.Release|x86.ActiveCfg = Release|Any CPU
		{80609D32-08FD-498A-8EFD-627B7A7A70B7}.Release|x86.Build.0 = Release|Any CPU
		{80609D32-08FD-498A-8EFD-627B7A7A70B7}.Release|x86.Deploy.0 = Release|Any CPU
		{12CE922D-BF70-4EB2-A1D1-1D3C3465EC71}.Ad-Hoc|Any CPU.ActiveCfg = Ad-Hoc|iPhone
		{12CE922D-BF70-4EB2-A1D1-1D3C3465EC71}.Ad-Hoc|ARM.ActiveCfg = Ad-Hoc|iPhone
		{12CE922D-BF70-4EB2-A1D1-1D3C3465EC71}.Ad-Hoc|iPhone.ActiveCfg = Ad-Hoc|iPhone
		{12CE922D-BF70-4EB2-A1D1-1D3C3465EC71}.Ad-Hoc|iPhone.Build.0 = Ad-Hoc|iPhone
		{12CE922D-BF70-4EB2-A1D1-1D3C3465EC71}.Ad-Hoc|iPhoneSimulator.ActiveCfg = Ad-Hoc|iPhoneSimulator
		{12CE922D-BF70-4EB2-A1D1-1D3C3465EC71}.Ad-Hoc|iPhoneSimulator.Build.0 = Ad-Hoc|iPhoneSimulator
		{12CE922D-BF70-4EB2-A1D1-1D3C3465EC71}.Ad-Hoc|x64.ActiveCfg = Ad-Hoc|iPhone
		{12CE922D-BF70-4EB2-A1D1-1D3C3465EC71}.Ad-Hoc|x86.ActiveCfg = Ad-Hoc|iPhone
		{12CE922D-BF70-4EB2-A1D1-1D3C3465EC71}.AppStore|Any CPU.ActiveCfg = AppStore|iPhone
		{12CE922D-BF70-4EB2-A1D1-1D3C3465EC71}.AppStore|ARM.ActiveCfg = AppStore|iPhone
		{12CE922D-BF70-4EB2-A1D1-1D3C3465EC71}.AppStore|iPhone.ActiveCfg = AppStore|iPhone
		{12CE922D-BF70-4EB2-A1D1-1D3C3465EC71}.AppStore|iPhone.Build.0 = AppStore|iPhone
		{12CE922D-BF70-4EB2-A1D1-1D3C3465EC71}.AppStore|iPhoneSimulator.ActiveCfg = AppStore|iPhoneSimulator
		{12CE922D-BF70-4EB2-A1D1-1D3C3465EC71}.AppStore|iPhoneSimulator.Build.0 = AppStore|iPhoneSimulator
		{12CE922D-BF70-4EB2-A1D1-1D3C3465EC71}.AppStore|x64.ActiveCfg = AppStore|iPhone
		{12CE922D-BF70-4EB2-A1D1-1D3C3465EC71}.AppStore|x86.ActiveCfg = AppStore|iPhone
		{12CE922D-BF70-4EB2-A1D1-1D3C3465EC71}.Debug|Any CPU.ActiveCfg = Debug|iPhone
		{12CE922D-BF70-4EB2-A1D1-1D3C3465EC71}.Debug|ARM.ActiveCfg = Debug|iPhone
		{12CE922D-BF70-4EB2-A1D1-1D3C3465EC71}.Debug|iPhone.ActiveCfg = Debug|iPhone
		{12CE922D-BF70-4EB2-A1D1-1D3C3465EC71}.Debug|iPhone.Build.0 = Debug|iPhone
		{12CE922D-BF70-4EB2-A1D1-1D3C3465EC71}.Debug|iPhoneSimulator.ActiveCfg = Debug|iPhoneSimulator
		{12CE922D-BF70-4EB2-A1D1-1D3C3465EC71}.Debug|iPhoneSimulator.Build.0 = Debug|iPhoneSimulator
		{12CE922D-BF70-4EB2-A1D1-1D3C3465EC71}.Debug|x64.ActiveCfg = Debug|iPhone
		{12CE922D-BF70-4EB2-A1D1-1D3C3465EC71}.Debug|x86.ActiveCfg = Debug|iPhone
		{12CE922D-BF70-4EB2-A1D1-1D3C3465EC71}.Release|Any CPU.ActiveCfg = Release|iPhone
		{12CE922D-BF70-4EB2-A1D1-1D3C3465EC71}.Release|ARM.ActiveCfg = Release|iPhone
		{12CE922D-BF70-4EB2-A1D1-1D3C3465EC71}.Release|iPhone.ActiveCfg = Release|iPhone
		{12CE922D-BF70-4EB2-A1D1-1D3C3465EC71}.Release|iPhone.Build.0 = Release|iPhone
		{12CE922D-BF70-4EB2-A1D1-1D3C3465EC71}.Release|iPhoneSimulator.ActiveCfg = Release|iPhoneSimulator
		{12CE922D-BF70-4EB2-A1D1-1D3C3465EC71}.Release|iPhoneSimulator.Build.0 = Release|iPhoneSimulator
		{12CE922D-BF70-4EB2-A1D1-1D3C3465EC71}.Release|x64.ActiveCfg = Release|iPhone
		{12CE922D-BF70-4EB2-A1D1-1D3C3465EC71}.Release|x86.ActiveCfg = Release|iPhone
		{5582A92A-4835-4C9D-8FC0-989929B614DF}.Ad-Hoc|Any CPU.ActiveCfg = Release|Any CPU
		{5582A92A-4835-4C9D-8FC0-989929B614DF}.Ad-Hoc|Any CPU.Build.0 = Release|Any CPU
		{5582A92A-4835-4C9D-8FC0-989929B614DF}.Ad-Hoc|Any CPU.Deploy.0 = Release|Any CPU
		{5582A92A-4835-4C9D-8FC0-989929B614DF}.Ad-Hoc|ARM.ActiveCfg = Release|ARM
		{5582A92A-4835-4C9D-8FC0-989929B614DF}.Ad-Hoc|ARM.Build.0 = Release|ARM
		{5582A92A-4835-4C9D-8FC0-989929B614DF}.Ad-Hoc|ARM.Deploy.0 = Release|ARM
		{5582A92A-4835-4C9D-8FC0-989929B614DF}.Ad-Hoc|iPhone.ActiveCfg = Release|Any CPU
		{5582A92A-4835-4C9D-8FC0-989929B614DF}.Ad-Hoc|iPhone.Build.0 = Release|Any CPU
		{5582A92A-4835-4C9D-8FC0-989929B614DF}.Ad-Hoc|iPhone.Deploy.0 = Release|Any CPU
		{5582A92A-4835-4C9D-8FC0-989929B614DF}.Ad-Hoc|iPhoneSimulator.ActiveCfg = Release|Any CPU
		{5582A92A-4835-4C9D-8FC0-989929B614DF}.Ad-Hoc|iPhoneSimulator.Build.0 = Release|Any CPU
		{5582A92A-4835-4C9D-8FC0-989929B614DF}.Ad-Hoc|iPhoneSimulator.Deploy.0 = Release|Any CPU
		{5582A92A-4835-4C9D-8FC0-989929B614DF}.Ad-Hoc|x64.ActiveCfg = Release|Any CPU
		{5582A92A-4835-4C9D-8FC0-989929B614DF}.Ad-Hoc|x64.Build.0 = Release|Any CPU
		{5582A92A-4835-4C9D-8FC0-989929B614DF}.Ad-Hoc|x64.Deploy.0 = Release|Any CPU
		{5582A92A-4835-4C9D-8FC0-989929B614DF}.Ad-Hoc|x86.ActiveCfg = Release|x86
		{5582A92A-4835-4C9D-8FC0-989929B614DF}.Ad-Hoc|x86.Build.0 = Release|x86
		{5582A92A-4835-4C9D-8FC0-989929B614DF}.Ad-Hoc|x86.Deploy.0 = Release|x86
		{5582A92A-4835-4C9D-8FC0-989929B614DF}.AppStore|Any CPU.ActiveCfg = Release|Any CPU
		{5582A92A-4835-4C9D-8FC0-989929B614DF}.AppStore|Any CPU.Build.0 = Release|Any CPU
		{5582A92A-4835-4C9D-8FC0-989929B614DF}.AppStore|Any CPU.Deploy.0 = Release|Any CPU
		{5582A92A-4835-4C9D-8FC0-989929B614DF}.AppStore|ARM.ActiveCfg = Release|ARM
		{5582A92A-4835-4C9D-8FC0-989929B614DF}.AppStore|ARM.Build.0 = Release|ARM
		{5582A92A-4835-4C9D-8FC0-989929B614DF}.AppStore|ARM.Deploy.0 = Release|ARM
		{5582A92A-4835-4C9D-8FC0-989929B614DF}.AppStore|iPhone.ActiveCfg = Release|Any CPU
		{5582A92A-4835-4C9D-8FC0-989929B614DF}.AppStore|iPhone.Build.0 = Release|Any CPU
		{5582A92A-4835-4C9D-8FC0-989929B614DF}.AppStore|iPhone.Deploy.0 = Release|Any CPU
		{5582A92A-4835-4C9D-8FC0-989929B614DF}.AppStore|iPhoneSimulator.ActiveCfg = Release|Any CPU
		{5582A92A-4835-4C9D-8FC0-989929B614DF}.AppStore|iPhoneSimulator.Build.0 = Release|Any CPU
		{5582A92A-4835-4C9D-8FC0-989929B614DF}.AppStore|iPhoneSimulator.Deploy.0 = Release|Any CPU
		{5582A92A-4835-4C9D-8FC0-989929B614DF}.AppStore|x64.ActiveCfg = Release|Any CPU
		{5582A92A-4835-4C9D-8FC0-989929B614DF}.AppStore|x64.Build.0 = Release|Any CPU
		{5582A92A-4835-4C9D-8FC0-989929B614DF}.AppStore|x64.Deploy.0 = Release|Any CPU
		{5582A92A-4835-4C9D-8FC0-989929B614DF}.AppStore|x86.ActiveCfg = Release|x86
		{5582A92A-4835-4C9D-8FC0-989929B614DF}.AppStore|x86.Build.0 = Release|x86
		{5582A92A-4835-4C9D-8FC0-989929B614DF}.AppStore|x86.Deploy.0 = Release|x86
		{5582A92A-4835-4C9D-8FC0-989929B614DF}.Debug|Any CPU.ActiveCfg = Debug|Any CPU
		{5582A92A-4835-4C9D-8FC0-989929B614DF}.Debug|Any CPU.Build.0 = Debug|Any CPU
		{5582A92A-4835-4C9D-8FC0-989929B614DF}.Debug|Any CPU.Deploy.0 = Debug|Any CPU
		{5582A92A-4835-4C9D-8FC0-989929B614DF}.Debug|ARM.ActiveCfg = Debug|ARM
		{5582A92A-4835-4C9D-8FC0-989929B614DF}.Debug|ARM.Build.0 = Debug|ARM
		{5582A92A-4835-4C9D-8FC0-989929B614DF}.Debug|ARM.Deploy.0 = Debug|ARM
		{5582A92A-4835-4C9D-8FC0-989929B614DF}.Debug|iPhone.ActiveCfg = Debug|Any CPU
		{5582A92A-4835-4C9D-8FC0-989929B614DF}.Debug|iPhone.Build.0 = Debug|Any CPU
		{5582A92A-4835-4C9D-8FC0-989929B614DF}.Debug|iPhone.Deploy.0 = Debug|Any CPU
		{5582A92A-4835-4C9D-8FC0-989929B614DF}.Debug|iPhoneSimulator.ActiveCfg = Debug|Any CPU
		{5582A92A-4835-4C9D-8FC0-989929B614DF}.Debug|iPhoneSimulator.Build.0 = Debug|Any CPU
		{5582A92A-4835-4C9D-8FC0-989929B614DF}.Debug|iPhoneSimulator.Deploy.0 = Debug|Any CPU
		{5582A92A-4835-4C9D-8FC0-989929B614DF}.Debug|x64.ActiveCfg = Debug|Any CPU
		{5582A92A-4835-4C9D-8FC0-989929B614DF}.Debug|x64.Build.0 = Debug|Any CPU
		{5582A92A-4835-4C9D-8FC0-989929B614DF}.Debug|x64.Deploy.0 = Debug|Any CPU
		{5582A92A-4835-4C9D-8FC0-989929B614DF}.Debug|x86.ActiveCfg = Debug|x86
		{5582A92A-4835-4C9D-8FC0-989929B614DF}.Debug|x86.Build.0 = Debug|x86
		{5582A92A-4835-4C9D-8FC0-989929B614DF}.Debug|x86.Deploy.0 = Debug|x86
		{5582A92A-4835-4C9D-8FC0-989929B614DF}.Release|Any CPU.ActiveCfg = Release|Any CPU
		{5582A92A-4835-4C9D-8FC0-989929B614DF}.Release|Any CPU.Build.0 = Release|Any CPU
		{5582A92A-4835-4C9D-8FC0-989929B614DF}.Release|Any CPU.Deploy.0 = Release|Any CPU
		{5582A92A-4835-4C9D-8FC0-989929B614DF}.Release|ARM.ActiveCfg = Release|ARM
		{5582A92A-4835-4C9D-8FC0-989929B614DF}.Release|ARM.Build.0 = Release|ARM
		{5582A92A-4835-4C9D-8FC0-989929B614DF}.Release|ARM.Deploy.0 = Release|ARM
		{5582A92A-4835-4C9D-8FC0-989929B614DF}.Release|iPhone.ActiveCfg = Release|Any CPU
		{5582A92A-4835-4C9D-8FC0-989929B614DF}.Release|iPhone.Build.0 = Release|Any CPU
		{5582A92A-4835-4C9D-8FC0-989929B614DF}.Release|iPhone.Deploy.0 = Release|Any CPU
		{5582A92A-4835-4C9D-8FC0-989929B614DF}.Release|iPhoneSimulator.ActiveCfg = Release|Any CPU
		{5582A92A-4835-4C9D-8FC0-989929B614DF}.Release|iPhoneSimulator.Build.0 = Release|Any CPU
		{5582A92A-4835-4C9D-8FC0-989929B614DF}.Release|iPhoneSimulator.Deploy.0 = Release|Any CPU
		{5582A92A-4835-4C9D-8FC0-989929B614DF}.Release|x64.ActiveCfg = Release|Any CPU
		{5582A92A-4835-4C9D-8FC0-989929B614DF}.Release|x64.Build.0 = Release|Any CPU
		{5582A92A-4835-4C9D-8FC0-989929B614DF}.Release|x64.Deploy.0 = Release|Any CPU
		{5582A92A-4835-4C9D-8FC0-989929B614DF}.Release|x86.ActiveCfg = Release|x86
		{5582A92A-4835-4C9D-8FC0-989929B614DF}.Release|x86.Build.0 = Release|x86
		{5582A92A-4835-4C9D-8FC0-989929B614DF}.Release|x86.Deploy.0 = Release|x86
		{C48A939F-5781-4A83-85A9-7BEB253479D8}.Ad-Hoc|Any CPU.ActiveCfg = Release|x86
		{C48A939F-5781-4A83-85A9-7BEB253479D8}.Ad-Hoc|Any CPU.Build.0 = Release|x86
		{C48A939F-5781-4A83-85A9-7BEB253479D8}.Ad-Hoc|Any CPU.Deploy.0 = Release|x86
		{C48A939F-5781-4A83-85A9-7BEB253479D8}.Ad-Hoc|ARM.ActiveCfg = Release|ARM
		{C48A939F-5781-4A83-85A9-7BEB253479D8}.Ad-Hoc|ARM.Build.0 = Release|ARM
		{C48A939F-5781-4A83-85A9-7BEB253479D8}.Ad-Hoc|ARM.Deploy.0 = Release|ARM
		{C48A939F-5781-4A83-85A9-7BEB253479D8}.Ad-Hoc|iPhone.ActiveCfg = Release|x86
		{C48A939F-5781-4A83-85A9-7BEB253479D8}.Ad-Hoc|iPhone.Build.0 = Release|x86
		{C48A939F-5781-4A83-85A9-7BEB253479D8}.Ad-Hoc|iPhone.Deploy.0 = Release|x86
		{C48A939F-5781-4A83-85A9-7BEB253479D8}.Ad-Hoc|iPhoneSimulator.ActiveCfg = Release|x86
		{C48A939F-5781-4A83-85A9-7BEB253479D8}.Ad-Hoc|iPhoneSimulator.Build.0 = Release|x86
		{C48A939F-5781-4A83-85A9-7BEB253479D8}.Ad-Hoc|iPhoneSimulator.Deploy.0 = Release|x86
		{C48A939F-5781-4A83-85A9-7BEB253479D8}.Ad-Hoc|x64.ActiveCfg = Release|x64
		{C48A939F-5781-4A83-85A9-7BEB253479D8}.Ad-Hoc|x64.Build.0 = Release|x64
		{C48A939F-5781-4A83-85A9-7BEB253479D8}.Ad-Hoc|x64.Deploy.0 = Release|x64
		{C48A939F-5781-4A83-85A9-7BEB253479D8}.Ad-Hoc|x86.ActiveCfg = Release|x86
		{C48A939F-5781-4A83-85A9-7BEB253479D8}.Ad-Hoc|x86.Build.0 = Release|x86
		{C48A939F-5781-4A83-85A9-7BEB253479D8}.Ad-Hoc|x86.Deploy.0 = Release|x86
		{C48A939F-5781-4A83-85A9-7BEB253479D8}.AppStore|Any CPU.ActiveCfg = Release|x86
		{C48A939F-5781-4A83-85A9-7BEB253479D8}.AppStore|Any CPU.Build.0 = Release|x86
		{C48A939F-5781-4A83-85A9-7BEB253479D8}.AppStore|Any CPU.Deploy.0 = Release|x86
		{C48A939F-5781-4A83-85A9-7BEB253479D8}.AppStore|ARM.ActiveCfg = Release|ARM
		{C48A939F-5781-4A83-85A9-7BEB253479D8}.AppStore|ARM.Build.0 = Release|ARM
		{C48A939F-5781-4A83-85A9-7BEB253479D8}.AppStore|ARM.Deploy.0 = Release|ARM
		{C48A939F-5781-4A83-85A9-7BEB253479D8}.AppStore|iPhone.ActiveCfg = Release|x86
		{C48A939F-5781-4A83-85A9-7BEB253479D8}.AppStore|iPhone.Build.0 = Release|x86
		{C48A939F-5781-4A83-85A9-7BEB253479D8}.AppStore|iPhone.Deploy.0 = Release|x86
		{C48A939F-5781-4A83-85A9-7BEB253479D8}.AppStore|iPhoneSimulator.ActiveCfg = Release|x86
		{C48A939F-5781-4A83-85A9-7BEB253479D8}.AppStore|iPhoneSimulator.Build.0 = Release|x86
		{C48A939F-5781-4A83-85A9-7BEB253479D8}.AppStore|iPhoneSimulator.Deploy.0 = Release|x86
		{C48A939F-5781-4A83-85A9-7BEB253479D8}.AppStore|x64.ActiveCfg = Release|x64
		{C48A939F-5781-4A83-85A9-7BEB253479D8}.AppStore|x64.Build.0 = Release|x64
		{C48A939F-5781-4A83-85A9-7BEB253479D8}.AppStore|x64.Deploy.0 = Release|x64
		{C48A939F-5781-4A83-85A9-7BEB253479D8}.AppStore|x86.ActiveCfg = Release|x86
		{C48A939F-5781-4A83-85A9-7BEB253479D8}.AppStore|x86.Build.0 = Release|x86
		{C48A939F-5781-4A83-85A9-7BEB253479D8}.AppStore|x86.Deploy.0 = Release|x86
		{C48A939F-5781-4A83-85A9-7BEB253479D8}.Debug|Any CPU.ActiveCfg = Debug|x64
		{C48A939F-5781-4A83-85A9-7BEB253479D8}.Debug|Any CPU.Build.0 = Debug|x64
		{C48A939F-5781-4A83-85A9-7BEB253479D8}.Debug|Any CPU.Deploy.0 = Debug|x64
		{C48A939F-5781-4A83-85A9-7BEB253479D8}.Debug|ARM.ActiveCfg = Debug|ARM
		{C48A939F-5781-4A83-85A9-7BEB253479D8}.Debug|ARM.Build.0 = Debug|ARM
		{C48A939F-5781-4A83-85A9-7BEB253479D8}.Debug|ARM.Deploy.0 = Debug|ARM
		{C48A939F-5781-4A83-85A9-7BEB253479D8}.Debug|iPhone.ActiveCfg = Debug|x86
		{C48A939F-5781-4A83-85A9-7BEB253479D8}.Debug|iPhoneSimulator.ActiveCfg = Debug|x86
		{C48A939F-5781-4A83-85A9-7BEB253479D8}.Debug|x64.ActiveCfg = Debug|x64
		{C48A939F-5781-4A83-85A9-7BEB253479D8}.Debug|x64.Build.0 = Debug|x64
		{C48A939F-5781-4A83-85A9-7BEB253479D8}.Debug|x64.Deploy.0 = Debug|x64
		{C48A939F-5781-4A83-85A9-7BEB253479D8}.Debug|x86.ActiveCfg = Debug|x86
		{C48A939F-5781-4A83-85A9-7BEB253479D8}.Debug|x86.Build.0 = Debug|x86
		{C48A939F-5781-4A83-85A9-7BEB253479D8}.Debug|x86.Deploy.0 = Debug|x86
		{C48A939F-5781-4A83-85A9-7BEB253479D8}.Release|Any CPU.ActiveCfg = Release|x86
		{C48A939F-5781-4A83-85A9-7BEB253479D8}.Release|ARM.ActiveCfg = Release|ARM
		{C48A939F-5781-4A83-85A9-7BEB253479D8}.Release|ARM.Build.0 = Release|ARM
		{C48A939F-5781-4A83-85A9-7BEB253479D8}.Release|ARM.Deploy.0 = Release|ARM
		{C48A939F-5781-4A83-85A9-7BEB253479D8}.Release|iPhone.ActiveCfg = Release|x86
		{C48A939F-5781-4A83-85A9-7BEB253479D8}.Release|iPhoneSimulator.ActiveCfg = Release|x86
		{C48A939F-5781-4A83-85A9-7BEB253479D8}.Release|x64.ActiveCfg = Release|x64
		{C48A939F-5781-4A83-85A9-7BEB253479D8}.Release|x64.Build.0 = Release|x64
		{C48A939F-5781-4A83-85A9-7BEB253479D8}.Release|x64.Deploy.0 = Release|x64
		{C48A939F-5781-4A83-85A9-7BEB253479D8}.Release|x86.ActiveCfg = Release|x86
		{C48A939F-5781-4A83-85A9-7BEB253479D8}.Release|x86.Build.0 = Release|x86
		{C48A939F-5781-4A83-85A9-7BEB253479D8}.Release|x86.Deploy.0 = Release|x86
		{1BF15E64-1BD6-4A97-AE35-4C3E4489D900}.Ad-Hoc|Any CPU.ActiveCfg = Release|Any CPU
		{1BF15E64-1BD6-4A97-AE35-4C3E4489D900}.Ad-Hoc|Any CPU.Build.0 = Release|Any CPU
		{1BF15E64-1BD6-4A97-AE35-4C3E4489D900}.Ad-Hoc|Any CPU.Deploy.0 = Release|Any CPU
		{1BF15E64-1BD6-4A97-AE35-4C3E4489D900}.Ad-Hoc|ARM.ActiveCfg = Release|ARM
		{1BF15E64-1BD6-4A97-AE35-4C3E4489D900}.Ad-Hoc|ARM.Build.0 = Release|ARM
		{1BF15E64-1BD6-4A97-AE35-4C3E4489D900}.Ad-Hoc|ARM.Deploy.0 = Release|ARM
		{1BF15E64-1BD6-4A97-AE35-4C3E4489D900}.Ad-Hoc|iPhone.ActiveCfg = Release|Any CPU
		{1BF15E64-1BD6-4A97-AE35-4C3E4489D900}.Ad-Hoc|iPhone.Build.0 = Release|Any CPU
		{1BF15E64-1BD6-4A97-AE35-4C3E4489D900}.Ad-Hoc|iPhone.Deploy.0 = Release|Any CPU
		{1BF15E64-1BD6-4A97-AE35-4C3E4489D900}.Ad-Hoc|iPhoneSimulator.ActiveCfg = Release|Any CPU
		{1BF15E64-1BD6-4A97-AE35-4C3E4489D900}.Ad-Hoc|iPhoneSimulator.Build.0 = Release|Any CPU
		{1BF15E64-1BD6-4A97-AE35-4C3E4489D900}.Ad-Hoc|iPhoneSimulator.Deploy.0 = Release|Any CPU
		{1BF15E64-1BD6-4A97-AE35-4C3E4489D900}.Ad-Hoc|x64.ActiveCfg = Release|x64
		{1BF15E64-1BD6-4A97-AE35-4C3E4489D900}.Ad-Hoc|x64.Build.0 = Release|x64
		{1BF15E64-1BD6-4A97-AE35-4C3E4489D900}.Ad-Hoc|x64.Deploy.0 = Release|x64
		{1BF15E64-1BD6-4A97-AE35-4C3E4489D900}.Ad-Hoc|x86.ActiveCfg = Release|x86
		{1BF15E64-1BD6-4A97-AE35-4C3E4489D900}.Ad-Hoc|x86.Build.0 = Release|x86
		{1BF15E64-1BD6-4A97-AE35-4C3E4489D900}.Ad-Hoc|x86.Deploy.0 = Release|x86
		{1BF15E64-1BD6-4A97-AE35-4C3E4489D900}.AppStore|Any CPU.ActiveCfg = Release|Any CPU
		{1BF15E64-1BD6-4A97-AE35-4C3E4489D900}.AppStore|Any CPU.Build.0 = Release|Any CPU
		{1BF15E64-1BD6-4A97-AE35-4C3E4489D900}.AppStore|Any CPU.Deploy.0 = Release|Any CPU
		{1BF15E64-1BD6-4A97-AE35-4C3E4489D900}.AppStore|ARM.ActiveCfg = Release|ARM
		{1BF15E64-1BD6-4A97-AE35-4C3E4489D900}.AppStore|ARM.Build.0 = Release|ARM
		{1BF15E64-1BD6-4A97-AE35-4C3E4489D900}.AppStore|ARM.Deploy.0 = Release|ARM
		{1BF15E64-1BD6-4A97-AE35-4C3E4489D900}.AppStore|iPhone.ActiveCfg = Release|Any CPU
		{1BF15E64-1BD6-4A97-AE35-4C3E4489D900}.AppStore|iPhone.Build.0 = Release|Any CPU
		{1BF15E64-1BD6-4A97-AE35-4C3E4489D900}.AppStore|iPhone.Deploy.0 = Release|Any CPU
		{1BF15E64-1BD6-4A97-AE35-4C3E4489D900}.AppStore|iPhoneSimulator.ActiveCfg = Release|Any CPU
		{1BF15E64-1BD6-4A97-AE35-4C3E4489D900}.AppStore|iPhoneSimulator.Build.0 = Release|Any CPU
		{1BF15E64-1BD6-4A97-AE35-4C3E4489D900}.AppStore|iPhoneSimulator.Deploy.0 = Release|Any CPU
		{1BF15E64-1BD6-4A97-AE35-4C3E4489D900}.AppStore|x64.ActiveCfg = Release|x64
		{1BF15E64-1BD6-4A97-AE35-4C3E4489D900}.AppStore|x64.Build.0 = Release|x64
		{1BF15E64-1BD6-4A97-AE35-4C3E4489D900}.AppStore|x64.Deploy.0 = Release|x64
		{1BF15E64-1BD6-4A97-AE35-4C3E4489D900}.AppStore|x86.ActiveCfg = Release|x86
		{1BF15E64-1BD6-4A97-AE35-4C3E4489D900}.AppStore|x86.Build.0 = Release|x86
		{1BF15E64-1BD6-4A97-AE35-4C3E4489D900}.AppStore|x86.Deploy.0 = Release|x86
		{1BF15E64-1BD6-4A97-AE35-4C3E4489D900}.Debug|Any CPU.ActiveCfg = Debug|Any CPU
		{1BF15E64-1BD6-4A97-AE35-4C3E4489D900}.Debug|Any CPU.Build.0 = Debug|Any CPU
		{1BF15E64-1BD6-4A97-AE35-4C3E4489D900}.Debug|Any CPU.Deploy.0 = Debug|Any CPU
		{1BF15E64-1BD6-4A97-AE35-4C3E4489D900}.Debug|ARM.ActiveCfg = Debug|ARM
		{1BF15E64-1BD6-4A97-AE35-4C3E4489D900}.Debug|ARM.Build.0 = Debug|ARM
		{1BF15E64-1BD6-4A97-AE35-4C3E4489D900}.Debug|ARM.Deploy.0 = Debug|ARM
		{1BF15E64-1BD6-4A97-AE35-4C3E4489D900}.Debug|iPhone.ActiveCfg = Debug|Any CPU
		{1BF15E64-1BD6-4A97-AE35-4C3E4489D900}.Debug|iPhone.Build.0 = Debug|Any CPU
		{1BF15E64-1BD6-4A97-AE35-4C3E4489D900}.Debug|iPhone.Deploy.0 = Debug|Any CPU
		{1BF15E64-1BD6-4A97-AE35-4C3E4489D900}.Debug|iPhoneSimulator.ActiveCfg = Debug|Any CPU
		{1BF15E64-1BD6-4A97-AE35-4C3E4489D900}.Debug|iPhoneSimulator.Build.0 = Debug|Any CPU
		{1BF15E64-1BD6-4A97-AE35-4C3E4489D900}.Debug|iPhoneSimulator.Deploy.0 = Debug|Any CPU
		{1BF15E64-1BD6-4A97-AE35-4C3E4489D900}.Debug|x64.ActiveCfg = Debug|x64
		{1BF15E64-1BD6-4A97-AE35-4C3E4489D900}.Debug|x64.Build.0 = Debug|x64
		{1BF15E64-1BD6-4A97-AE35-4C3E4489D900}.Debug|x64.Deploy.0 = Debug|x64
		{1BF15E64-1BD6-4A97-AE35-4C3E4489D900}.Debug|x86.ActiveCfg = Debug|x86
		{1BF15E64-1BD6-4A97-AE35-4C3E4489D900}.Debug|x86.Build.0 = Debug|x86
		{1BF15E64-1BD6-4A97-AE35-4C3E4489D900}.Debug|x86.Deploy.0 = Debug|x86
		{1BF15E64-1BD6-4A97-AE35-4C3E4489D900}.Release|Any CPU.ActiveCfg = Release|Any CPU
		{1BF15E64-1BD6-4A97-AE35-4C3E4489D900}.Release|Any CPU.Build.0 = Release|Any CPU
		{1BF15E64-1BD6-4A97-AE35-4C3E4489D900}.Release|Any CPU.Deploy.0 = Release|Any CPU
		{1BF15E64-1BD6-4A97-AE35-4C3E4489D900}.Release|ARM.ActiveCfg = Release|ARM
		{1BF15E64-1BD6-4A97-AE35-4C3E4489D900}.Release|ARM.Build.0 = Release|ARM
		{1BF15E64-1BD6-4A97-AE35-4C3E4489D900}.Release|ARM.Deploy.0 = Release|ARM
		{1BF15E64-1BD6-4A97-AE35-4C3E4489D900}.Release|iPhone.ActiveCfg = Release|Any CPU
		{1BF15E64-1BD6-4A97-AE35-4C3E4489D900}.Release|iPhone.Build.0 = Release|Any CPU
		{1BF15E64-1BD6-4A97-AE35-4C3E4489D900}.Release|iPhone.Deploy.0 = Release|Any CPU
		{1BF15E64-1BD6-4A97-AE35-4C3E4489D900}.Release|iPhoneSimulator.ActiveCfg = Release|Any CPU
		{1BF15E64-1BD6-4A97-AE35-4C3E4489D900}.Release|iPhoneSimulator.Build.0 = Release|Any CPU
		{1BF15E64-1BD6-4A97-AE35-4C3E4489D900}.Release|iPhoneSimulator.Deploy.0 = Release|Any CPU
		{1BF15E64-1BD6-4A97-AE35-4C3E4489D900}.Release|x64.ActiveCfg = Release|x64
		{1BF15E64-1BD6-4A97-AE35-4C3E4489D900}.Release|x64.Build.0 = Release|x64
		{1BF15E64-1BD6-4A97-AE35-4C3E4489D900}.Release|x64.Deploy.0 = Release|x64
		{1BF15E64-1BD6-4A97-AE35-4C3E4489D900}.Release|x86.ActiveCfg = Release|x86
		{1BF15E64-1BD6-4A97-AE35-4C3E4489D900}.Release|x86.Build.0 = Release|x86
		{1BF15E64-1BD6-4A97-AE35-4C3E4489D900}.Release|x86.Deploy.0 = Release|x86
		{BFDF7CFE-AE6B-4B46-AB87-242C9C025575}.Ad-Hoc|Any CPU.ActiveCfg = Release|Any CPU
		{BFDF7CFE-AE6B-4B46-AB87-242C9C025575}.Ad-Hoc|Any CPU.Build.0 = Release|Any CPU
		{BFDF7CFE-AE6B-4B46-AB87-242C9C025575}.Ad-Hoc|ARM.ActiveCfg = Release|Any CPU
		{BFDF7CFE-AE6B-4B46-AB87-242C9C025575}.Ad-Hoc|ARM.Build.0 = Release|Any CPU
		{BFDF7CFE-AE6B-4B46-AB87-242C9C025575}.Ad-Hoc|iPhone.ActiveCfg = Release|Any CPU
		{BFDF7CFE-AE6B-4B46-AB87-242C9C025575}.Ad-Hoc|iPhone.Build.0 = Release|Any CPU
		{BFDF7CFE-AE6B-4B46-AB87-242C9C025575}.Ad-Hoc|iPhoneSimulator.ActiveCfg = Release|Any CPU
		{BFDF7CFE-AE6B-4B46-AB87-242C9C025575}.Ad-Hoc|iPhoneSimulator.Build.0 = Release|Any CPU
		{BFDF7CFE-AE6B-4B46-AB87-242C9C025575}.Ad-Hoc|x64.ActiveCfg = Release|Any CPU
		{BFDF7CFE-AE6B-4B46-AB87-242C9C025575}.Ad-Hoc|x64.Build.0 = Release|Any CPU
		{BFDF7CFE-AE6B-4B46-AB87-242C9C025575}.Ad-Hoc|x86.ActiveCfg = Release|Any CPU
		{BFDF7CFE-AE6B-4B46-AB87-242C9C025575}.Ad-Hoc|x86.Build.0 = Release|Any CPU
		{BFDF7CFE-AE6B-4B46-AB87-242C9C025575}.AppStore|Any CPU.ActiveCfg = Release|Any CPU
		{BFDF7CFE-AE6B-4B46-AB87-242C9C025575}.AppStore|Any CPU.Build.0 = Release|Any CPU
		{BFDF7CFE-AE6B-4B46-AB87-242C9C025575}.AppStore|ARM.ActiveCfg = Release|Any CPU
		{BFDF7CFE-AE6B-4B46-AB87-242C9C025575}.AppStore|ARM.Build.0 = Release|Any CPU
		{BFDF7CFE-AE6B-4B46-AB87-242C9C025575}.AppStore|iPhone.ActiveCfg = Release|Any CPU
		{BFDF7CFE-AE6B-4B46-AB87-242C9C025575}.AppStore|iPhone.Build.0 = Release|Any CPU
		{BFDF7CFE-AE6B-4B46-AB87-242C9C025575}.AppStore|iPhoneSimulator.ActiveCfg = Release|Any CPU
		{BFDF7CFE-AE6B-4B46-AB87-242C9C025575}.AppStore|iPhoneSimulator.Build.0 = Release|Any CPU
		{BFDF7CFE-AE6B-4B46-AB87-242C9C025575}.AppStore|x64.ActiveCfg = Release|Any CPU
		{BFDF7CFE-AE6B-4B46-AB87-242C9C025575}.AppStore|x64.Build.0 = Release|Any CPU
		{BFDF7CFE-AE6B-4B46-AB87-242C9C025575}.AppStore|x86.ActiveCfg = Release|Any CPU
		{BFDF7CFE-AE6B-4B46-AB87-242C9C025575}.AppStore|x86.Build.0 = Release|Any CPU
		{BFDF7CFE-AE6B-4B46-AB87-242C9C025575}.Debug|Any CPU.ActiveCfg = Debug|Any CPU
		{BFDF7CFE-AE6B-4B46-AB87-242C9C025575}.Debug|Any CPU.Build.0 = Debug|Any CPU
		{BFDF7CFE-AE6B-4B46-AB87-242C9C025575}.Debug|ARM.ActiveCfg = Debug|Any CPU
		{BFDF7CFE-AE6B-4B46-AB87-242C9C025575}.Debug|ARM.Build.0 = Debug|Any CPU
		{BFDF7CFE-AE6B-4B46-AB87-242C9C025575}.Debug|iPhone.ActiveCfg = Debug|Any CPU
		{BFDF7CFE-AE6B-4B46-AB87-242C9C025575}.Debug|iPhone.Build.0 = Debug|Any CPU
		{BFDF7CFE-AE6B-4B46-AB87-242C9C025575}.Debug|iPhoneSimulator.ActiveCfg = Debug|Any CPU
		{BFDF7CFE-AE6B-4B46-AB87-242C9C025575}.Debug|iPhoneSimulator.Build.0 = Debug|Any CPU
		{BFDF7CFE-AE6B-4B46-AB87-242C9C025575}.Debug|x64.ActiveCfg = Debug|Any CPU
		{BFDF7CFE-AE6B-4B46-AB87-242C9C025575}.Debug|x64.Build.0 = Debug|Any CPU
		{BFDF7CFE-AE6B-4B46-AB87-242C9C025575}.Debug|x86.ActiveCfg = Debug|Any CPU
		{BFDF7CFE-AE6B-4B46-AB87-242C9C025575}.Debug|x86.Build.0 = Debug|Any CPU
		{BFDF7CFE-AE6B-4B46-AB87-242C9C025575}.Release|Any CPU.ActiveCfg = Release|Any CPU
		{BFDF7CFE-AE6B-4B46-AB87-242C9C025575}.Release|Any CPU.Build.0 = Release|Any CPU
		{BFDF7CFE-AE6B-4B46-AB87-242C9C025575}.Release|ARM.ActiveCfg = Release|Any CPU
		{BFDF7CFE-AE6B-4B46-AB87-242C9C025575}.Release|ARM.Build.0 = Release|Any CPU
		{BFDF7CFE-AE6B-4B46-AB87-242C9C025575}.Release|iPhone.ActiveCfg = Release|Any CPU
		{BFDF7CFE-AE6B-4B46-AB87-242C9C025575}.Release|iPhone.Build.0 = Release|Any CPU
		{BFDF7CFE-AE6B-4B46-AB87-242C9C025575}.Release|iPhoneSimulator.ActiveCfg = Release|Any CPU
		{BFDF7CFE-AE6B-4B46-AB87-242C9C025575}.Release|iPhoneSimulator.Build.0 = Release|Any CPU
		{BFDF7CFE-AE6B-4B46-AB87-242C9C025575}.Release|x64.ActiveCfg = Release|Any CPU
		{BFDF7CFE-AE6B-4B46-AB87-242C9C025575}.Release|x64.Build.0 = Release|Any CPU
		{BFDF7CFE-AE6B-4B46-AB87-242C9C025575}.Release|x86.ActiveCfg = Release|Any CPU
		{BFDF7CFE-AE6B-4B46-AB87-242C9C025575}.Release|x86.Build.0 = Release|Any CPU
	EndGlobalSection
	GlobalSection(SolutionProperties) = preSolution
		HideSolutionNode = FALSE
	EndGlobalSection
EndGlobal
